
Microsoft Visual Studio Solution File, Format Version 12.00
# Visual Studio Version 16
VisualStudioVersion = 16.0.29806.167
MinimumVisualStudioVersion = 10.0.40219.1
Project("{8BC9CEB8-8B4A-11D0-8D11-00A0C91BC942}") = "3_2_17_1", "3_2_17_1\3_2_17_1.vcxproj", "{673E215A-4F14-4380-94DC-2B35B9169D3A}"
EndProject
Global
	GlobalSection(SolutionConfigurationPlatforms) = preSolution
		Debug|x64 = Debug|x64
		Debug|x86 = Debug|x86
		Release|x64 = Release|x64
		Release|x86 = Release|x86
	EndGlobalSection
	GlobalSection(ProjectConfigurationPlatforms) = postSolution
		{673E215A-4F14-4380-94DC-2B35B9169D3A}.Debug|x64.ActiveCfg = Debug|x64
		{673E215A-4F14-4380-94DC-2B35B9169D3A}.Debug|x64.Build.0 = Debug|x64
		{673E215A-4F14-4380-94DC-2B35B9169D3A}.Debug|x86.ActiveCfg = Debug|Win32
		{673E215A-4F14-4380-94DC-2B35B9169D3A}.Debug|x86.Build.0 = Debug|Win32
		{673E215A-4F14-4380-94DC-2B35B9169D3A}.Release|x64.ActiveCfg = Release|x64
		{673E215A-4F14-4380-94DC-2B35B9169D3A}.Release|x64.Build.0 = Release|x64
		{673E215A-4F14-4380-94DC-2B35B9169D3A}.Release|x86.ActiveCfg = Release|Win32
		{673E215A-4F14-4380-94DC-2B35B9169D3A}.Release|x86.Build.0 = Release|Win32
	EndGlobalSection
	GlobalSection(SolutionProperties) = preSolution
		HideSolutionNode = FALSE
	EndGlobalSection
	GlobalSection(ExtensibilityGlobals) = postSolution
		SolutionGuid = {5FB59D35-81EF-46D2-8D73-5E703BA12ED9}
	EndGlobalSection
EndGlobal
