
Microsoft Visual Studio Solution File, Format Version 12.00
# Visual Studio Version 16
VisualStudioVersion = 16.0.29806.167
MinimumVisualStudioVersion = 10.0.40219.1
Project("{8BC9CEB8-8B4A-11D0-8D11-00A0C91BC942}") = "2_1", "2_1\2_1.vcxproj", "{B01DFAD7-2EF4-41DD-AC61-A7838D86788F}"
EndProject
Global
	GlobalSection(SolutionConfigurationPlatforms) = preSolution
		Debug|x64 = Debug|x64
		Debug|x86 = Debug|x86
		Release|x64 = Release|x64
		Release|x86 = Release|x86
	EndGlobalSection
	GlobalSection(ProjectConfigurationPlatforms) = postSolution
		{B01DFAD7-2EF4-41DD-AC61-A7838D86788F}.Debug|x64.ActiveCfg = Debug|x64
		{B01DFAD7-2EF4-41DD-AC61-A7838D86788F}.Debug|x64.Build.0 = Debug|x64
		{B01DFAD7-2EF4-41DD-AC61-A7838D86788F}.Debug|x86.ActiveCfg = Debug|Win32
		{B01DFAD7-2EF4-41DD-AC61-A7838D86788F}.Debug|x86.Build.0 = Debug|Win32
		{B01DFAD7-2EF4-41DD-AC61-A7838D86788F}.Release|x64.ActiveCfg = Release|x64
		{B01DFAD7-2EF4-41DD-AC61-A7838D86788F}.Release|x64.Build.0 = Release|x64
		{B01DFAD7-2EF4-41DD-AC61-A7838D86788F}.Release|x86.ActiveCfg = Release|Win32
		{B01DFAD7-2EF4-41DD-AC61-A7838D86788F}.Release|x86.Build.0 = Release|Win32
	EndGlobalSection
	GlobalSection(SolutionProperties) = preSolution
		HideSolutionNode = FALSE
	EndGlobalSection
	GlobalSection(ExtensibilityGlobals) = postSolution
		SolutionGuid = {33C38027-B9FA-40AF-98EC-38F36036EF7A}
	EndGlobalSection
EndGlobal
